
Microsoft Visual Studio Solution File, Format Version 12.00
# Visual Studio Version 16
VisualStudioVersion = 16.0.30611.23
MinimumVisualStudioVersion = 10.0.40219.1
Project("{9A19103F-16F7-4668-BE54-9A1E7A4F7556}") = "DZ1_MihaelLackovic50", "DZ1_MihaelLackovic50\DZ1_MihaelLackovic50.csproj", "{C2D0C854-1E9F-4343-B85A-1D535EC10822}"
EndProject
Project("{FAE04EC0-301F-11D3-BF4B-00C04F79EFBC}") = "ClassLibrary", "ClassLibrary\ClassLibrary.csproj", "{AF62A797-803E-4C04-B07B-D83D76E741F2}"
EndProject
Global
	GlobalSection(SolutionConfigurationPlatforms) = preSolution
		Debug|Any CPU = Debug|Any CPU
		Release|Any CPU = Release|Any CPU
	EndGlobalSection
	GlobalSection(ProjectConfigurationPlatforms) = postSolution
		{C2D0C854-1E9F-4343-B85A-1D535EC10822}.Debug|Any CPU.ActiveCfg = Debug|Any CPU
		{C2D0C854-1E9F-4343-B85A-1D535EC10822}.Debug|Any CPU.Build.0 = Debug|Any CPU
		{C2D0C854-1E9F-4343-B85A-1D535EC10822}.Release|Any CPU.ActiveCfg = Release|Any CPU
		{C2D0C854-1E9F-4343-B85A-1D535EC10822}.Release|Any CPU.Build.0 = Release|Any CPU
		{AF62A797-803E-4C04-B07B-D83D76E741F2}.Debug|Any CPU.ActiveCfg = Debug|Any CPU
		{AF62A797-803E-4C04-B07B-D83D76E741F2}.Debug|Any CPU.Build.0 = Debug|Any CPU
		{AF62A797-803E-4C04-B07B-D83D76E741F2}.Release|Any CPU.ActiveCfg = Release|Any CPU
		{AF62A797-803E-4C04-B07B-D83D76E741F2}.Release|Any CPU.Build.0 = Release|Any CPU
	EndGlobalSection
	GlobalSection(SolutionProperties) = preSolution
		HideSolutionNode = FALSE
	EndGlobalSection
	GlobalSection(ExtensibilityGlobals) = postSolution
		SolutionGuid = {216B0DA9-D416-4BDE-8BD8-99A5BC67FCF6}
	EndGlobalSection
EndGlobal
