
Microsoft Visual Studio Solution File, Format Version 12.00
# Visual Studio Version 16
VisualStudioVersion = 16.0.30711.63
MinimumVisualStudioVersion = 10.0.40219.1
Project("{FAE04EC0-301F-11D3-BF4B-00C04F79EFBC}") = "DZ_MIHAELLACKOVIC50", "DZ_MIHAELLACKOVIC50\DZ_MIHAELLACKOVIC50.csproj", "{F501E8C0-246C-4ADB-8994-B20BFA01F418}"
EndProject
Project("{FAE04EC0-301F-11D3-BF4B-00C04F79EFBC}") = "Classes", "Classes\Classes.csproj", "{5FDFA943-E5A5-499D-8E79-D7AABF2499AA}"
EndProject
Global
	GlobalSection(SolutionConfigurationPlatforms) = preSolution
		Debug|Any CPU = Debug|Any CPU
		Release|Any CPU = Release|Any CPU
	EndGlobalSection
	GlobalSection(ProjectConfigurationPlatforms) = postSolution
		{F501E8C0-246C-4ADB-8994-B20BFA01F418}.Debug|Any CPU.ActiveCfg = Debug|Any CPU
		{F501E8C0-246C-4ADB-8994-B20BFA01F418}.Debug|Any CPU.Build.0 = Debug|Any CPU
		{F501E8C0-246C-4ADB-8994-B20BFA01F418}.Release|Any CPU.ActiveCfg = Release|Any CPU
		{F501E8C0-246C-4ADB-8994-B20BFA01F418}.Release|Any CPU.Build.0 = Release|Any CPU
		{5FDFA943-E5A5-499D-8E79-D7AABF2499AA}.Debug|Any CPU.ActiveCfg = Debug|Any CPU
		{5FDFA943-E5A5-499D-8E79-D7AABF2499AA}.Debug|Any CPU.Build.0 = Debug|Any CPU
		{5FDFA943-E5A5-499D-8E79-D7AABF2499AA}.Release|Any CPU.ActiveCfg = Release|Any CPU
		{5FDFA943-E5A5-499D-8E79-D7AABF2499AA}.Release|Any CPU.Build.0 = Release|Any CPU
	EndGlobalSection
	GlobalSection(SolutionProperties) = preSolution
		HideSolutionNode = FALSE
	EndGlobalSection
	GlobalSection(ExtensibilityGlobals) = postSolution
		SolutionGuid = {93401571-4D02-4D4B-BFF8-DDD87ACE6204}
	EndGlobalSection
EndGlobal
